
Microsoft Visual Studio Solution File, Format Version 12.00
# Visual Studio Version 17
VisualStudioVersion = 17.5.33209.295
MinimumVisualStudioVersion = 10.0.40219.1
Project("{FAE04EC0-301F-11D3-BF4B-00C04F79EFBC}") = "WPFDecstop", "WPFDecstop\WPFDecstop.csproj", "{43E5EB11-BF0F-41B2-8CBD-59BDB369E295}"
EndProject
Project("{FAE04EC0-301F-11D3-BF4B-00C04F79EFBC}") = "WebApplication2", "WebApplication2\WebApplication2.csproj", "{C3CBA1EA-3AFE-4FDE-8486-3F121F75F1C9}"
EndProject
Global
	GlobalSection(SolutionConfigurationPlatforms) = preSolution
		Debug|Any CPU = Debug|Any CPU
		Release|Any CPU = Release|Any CPU
	EndGlobalSection
	GlobalSection(ProjectConfigurationPlatforms) = postSolution
		{43E5EB11-BF0F-41B2-8CBD-59BDB369E295}.Debug|Any CPU.ActiveCfg = Debug|Any CPU
		{43E5EB11-BF0F-41B2-8CBD-59BDB369E295}.Debug|Any CPU.Build.0 = Debug|Any CPU
		{43E5EB11-BF0F-41B2-8CBD-59BDB369E295}.Release|Any CPU.ActiveCfg = Release|Any CPU
		{43E5EB11-BF0F-41B2-8CBD-59BDB369E295}.Release|Any CPU.Build.0 = Release|Any CPU
		{C3CBA1EA-3AFE-4FDE-8486-3F121F75F1C9}.Debug|Any CPU.ActiveCfg = Debug|Any CPU
		{C3CBA1EA-3AFE-4FDE-8486-3F121F75F1C9}.Debug|Any CPU.Build.0 = Debug|Any CPU
		{C3CBA1EA-3AFE-4FDE-8486-3F121F75F1C9}.Release|Any CPU.ActiveCfg = Release|Any CPU
		{C3CBA1EA-3AFE-4FDE-8486-3F121F75F1C9}.Release|Any CPU.Build.0 = Release|Any CPU
	EndGlobalSection
	GlobalSection(SolutionProperties) = preSolution
		HideSolutionNode = FALSE
	EndGlobalSection
	GlobalSection(ExtensibilityGlobals) = postSolution
		SolutionGuid = {A74DC9D1-4D31-4450-80E9-F4812154232F}
	EndGlobalSection
EndGlobal
